
Microsoft Visual Studio Solution File, Format Version 12.00
# Visual Studio Version 17
VisualStudioVersion = 17.0.31903.59
MinimumVisualStudioVersion = 10.0.40219.1
Project("{FAE04EC0-301F-11D3-BF4B-00C04F79EFBC}") = "Lab", "Lab\Lab.csproj", "{4D872E0E-0751-4DA6-BB99-F8355C3A83BA}"
EndProject
Project("{FAE04EC0-301F-11D3-BF4B-00C04F79EFBC}") = "Lab.Tests", "Lab.Tests\Lab.Tests.csproj", "{1F795A6C-6982-4386-A52E-CCFC85EEB93B}"
EndProject
Global
	GlobalSection(SolutionConfigurationPlatforms) = preSolution
		Debug|Any CPU = Debug|Any CPU
		Release|Any CPU = Release|Any CPU
	EndGlobalSection
	GlobalSection(SolutionProperties) = preSolution
		HideSolutionNode = FALSE
	EndGlobalSection
	GlobalSection(ProjectConfigurationPlatforms) = postSolution
		{4D872E0E-0751-4DA6-BB99-F8355C3A83BA}.Debug|Any CPU.ActiveCfg = Debug|Any CPU
		{4D872E0E-0751-4DA6-BB99-F8355C3A83BA}.Debug|Any CPU.Build.0 = Debug|Any CPU
		{4D872E0E-0751-4DA6-BB99-F8355C3A83BA}.Release|Any CPU.ActiveCfg = Release|Any CPU
		{4D872E0E-0751-4DA6-BB99-F8355C3A83BA}.Release|Any CPU.Build.0 = Release|Any CPU
		{1F795A6C-6982-4386-A52E-CCFC85EEB93B}.Debug|Any CPU.ActiveCfg = Debug|Any CPU
		{1F795A6C-6982-4386-A52E-CCFC85EEB93B}.Debug|Any CPU.Build.0 = Debug|Any CPU
		{1F795A6C-6982-4386-A52E-CCFC85EEB93B}.Release|Any CPU.ActiveCfg = Release|Any CPU
		{1F795A6C-6982-4386-A52E-CCFC85EEB93B}.Release|Any CPU.Build.0 = Release|Any CPU
	EndGlobalSection
EndGlobal
